schema: '2.0'
stages:
  data_processing:
    cmd: python -m src.data.make_dataset OUTPUT_TARGET_FILEPATH=.
    deps:
    - path: data/raw/test.csv
      md5: a34d239835317e59b1b9f2fec27fa427
      size: 249580
    - path: data/raw/train.csv
      md5: 88f8b56af68bf8c7cf3fda9ae4ff02a8
      size: 400268
    - path: src/config.py
      md5: d9c2c68186fd7e0c223410b7074d7e5d
      size: 1920
    - path: src/data/make_dataset.py
      md5: 9ba9d506d42669d4447ac591e6cc0a00
      size: 1568
    - path: src/data/preprocess.py
      md5: ccc727096623e37c6242cd9564edb4b2
      size: 4248
    - path: src/utils.py
      md5: a63e9fc88f67423ded9b88dcd49a34f6
      size: 387
    params:
      params.yaml:
        data_load:
          train_csv: data/raw/train.csv
          test_csv: data/raw/test.csv
        interim_paths:
          data_for_train_pkl: data/interim/data_for_train.pkl
          test_pkl: data/interim/test.pkl
        preprocess_category:
          TARGET_COLS:
          - Артериальная гипертензия
          - ОНМК
          - Стенокардия, ИБС, инфаркт миокарда
          - Сердечная недостаточность
          - Прочие заболевания сердца
          ID_COL: ID
          EDU_COL: Образование
          SEX_COL: Пол
          CAT_COLS:
          - Пол
          - Семья
          - Этнос
          - Национальность
          - Религия
          - Образование
          - Профессия
          - Статус Курения
          - Частота пасс кур
          - Алкоголь
          - Время засыпания
          - Время пробуждения
          OHE_COLS:
          - Пол
          - Вы работаете?
          - Выход на пенсию
          - Прекращение работы по болезни
          - Сахарный диабет
          - Гепатит
          - Онкология
          - Хроническое заболевание легких
          - Бронжиальная астма
          - 'Туберкулез легких '
          - ВИЧ/СПИД
          - Регулярный прим лекарственных средств
          - Травмы за год
          - Переломы
          - Пассивное курение
          - Сон после обеда
          - Спорт, клубы
          - Религия, клубы
          REAL_COLS:
          - Возраст курения
          - Сигарет в день
          - Возраст алког
        processed_paths:
          target_data_train_pkl: data/processed/target_for_data_for_train.pkl
          processed_test_pkl: data/processed/test.pkl
          processed_data_for_train_pkl: data/processed/data_for_train.pkl
    outs:
    - path: data/interim/data_for_train.pkl
      md5: c23161227647f65da1979b74e7c4e0c9
      size: 52256
    - path: data/interim/test.pkl
      md5: 77e53843e5690f8bd7b30b521f8a0574
      size: 37012
    - path: data/processed/target_for_data_for_train.pkl
      md5: bed81f076218178c4408936f2f8fa788
      size: 21106
  feature_generation:
    cmd: python -m src.features.build_features
    deps:
    - path: data/interim/data_for_train.pkl
      md5: c23161227647f65da1979b74e7c4e0c9
      size: 52256
    - path: data/interim/test.pkl
      md5: 77e53843e5690f8bd7b30b521f8a0574
      size: 37012
    - path: src/config.py
      md5: d9c2c68186fd7e0c223410b7074d7e5d
      size: 1920
    - path: src/features/build_features.py
      md5: 67796ee742ff4e696533b2b56de2fa8c
      size: 404
    - path: src/features/functions.py
      md5: 351049ef04636f62f4ef08ae08f6ff96
      size: 2320
    - path: src/utils.py
      md5: a63e9fc88f67423ded9b88dcd49a34f6
      size: 387
    params:
      params.yaml:
        interim_paths:
          data_for_train_pkl: data/interim/data_for_train.pkl
          test_pkl: data/interim/test.pkl
        processed_paths:
          target_data_train_pkl: data/processed/target_for_data_for_train.pkl
          processed_test_pkl: data/processed/test.pkl
          processed_data_for_train_pkl: data/processed/data_for_train.pkl
    outs:
    - path: data/processed/data_for_train.pkl
      md5: 93ca7bd4408b0218310485335e50cbae
      size: 51584
    - path: data/processed/test.pkl
      md5: e5c0e58481efe3b0e4cfd9fa5934b074
      size: 36306
  train:
    cmd: python -m src.models.train_model
    deps:
    - path: data/processed/data_for_train.pkl
      md5: 93ca7bd4408b0218310485335e50cbae
      size: 51584
    - path: data/processed/test.pkl
      md5: e5c0e58481efe3b0e4cfd9fa5934b074
      size: 36306
    - path: src/config.py
      md5: d9c2c68186fd7e0c223410b7074d7e5d
      size: 1920
    params:
      params.yaml:
        base:
          seed: 77
        processed_paths:
          target_data_train_pkl: data/processed/target_for_data_for_train.pkl
          processed_test_pkl: data/processed/test.pkl
          processed_data_for_train_pkl: data/processed/data_for_train.pkl
        train:
          CATEGORIES_COL:
          - Пол
          - Семья
          - Этнос
          - Национальность
          - Религия
          - Профессия
          - Статус Курения
          - Частота пасс кур
          - Алкоголь
          - Сова/Жаворонок/Голубь
          train_size: 0.8
          iterations: 10
          loss_function: MultiLogloss
          eval_metric: MultiLogloss
          learning_rate: 0.05
          bootstrap_type: Bayesian
          boost_from_average: false
          leaf_estimation_iterations: 1
          leaf_estimation_method: Gradient
          model_path: models/model.joblib
          X_test_path: data/processed/X_test_data.pkl
          Y_test_path: data/processed/Y_test_data.pkl
    outs:
    - path: catboost_info/learn_error.tsv
      md5: 8b600ddff5fe0fdddda884efb357c447
      size: 167
    - path: data/processed/X_test_data.pkl
      md5: e852b819272b95844df0545d0b780126
      size: 15155
    - path: data/processed/Y_test_data.pkl
      md5: ec0e521e868cab7f1ba19500a9975cdf
      size: 4885
    - path: models/model.joblib
      md5: 2156d20f272dfae6ce44efa54b4d8d79
      size: 24834
  evaluate:
    cmd: python -m src.models.predict_model
    deps:
    - path: data/processed/X_test_data.pkl
      md5: e852b819272b95844df0545d0b780126
      size: 15155
    - path: data/processed/Y_test_data.pkl
      md5: ec0e521e868cab7f1ba19500a9975cdf
      size: 4885
    - path: models/model.joblib
      md5: 2156d20f272dfae6ce44efa54b4d8d79
      size: 24834
    - path: src/config.py
      md5: d9c2c68186fd7e0c223410b7074d7e5d
      size: 1920
    - path: src/models/train_model.py
      md5: 064da5276a63c3fed6f90f2613433145
      size: 1032
    params:
      params.yaml:
        evaluate:
          score_metric: f1
          score_path: reports/metrics.json
        train:
          CATEGORIES_COL:
          - Пол
          - Семья
          - Этнос
          - Национальность
          - Религия
          - Профессия
          - Статус Курения
          - Частота пасс кур
          - Алкоголь
          - Сова/Жаворонок/Голубь
          train_size: 0.8
          iterations: 10
          loss_function: MultiLogloss
          eval_metric: MultiLogloss
          learning_rate: 0.05
          bootstrap_type: Bayesian
          boost_from_average: false
          leaf_estimation_iterations: 1
          leaf_estimation_method: Gradient
          model_path: models/model.joblib
          X_test_path: data/processed/X_test_data.pkl
          Y_test_path: data/processed/Y_test_data.pkl
    outs:
    - path: reports/metrics.json
      md5: c31424efaed3529de6298430d30114f2
      size: 27
