schema: '2.0'
stages:
  data_processing:
    cmd: python -m src.data.make_dataset OUTPUT_TARGET_FILEPATH=.
    deps:
    - path: data/raw/test.csv
      md5: a34d239835317e59b1b9f2fec27fa427
      size: 249580
    - path: data/raw/train.csv
      md5: 88f8b56af68bf8c7cf3fda9ae4ff02a8
      size: 400268
    - path: src/config.py
      md5: 3e4a7be725268dffcddc10290c19e4b1
      size: 2342
    - path: src/data/make_dataset.py
      md5: 9ba9d506d42669d4447ac591e6cc0a00
      size: 1568
    - path: src/data/preprocess.py
      md5: ccc727096623e37c6242cd9564edb4b2
      size: 4248
    - path: src/utils.py
      md5: a63e9fc88f67423ded9b88dcd49a34f6
      size: 387
    params:
      params.yaml:
        data_load:
          train_csv: data/raw/train.csv
          test_csv: data/raw/test.csv
        interim_paths:
          data_for_train_pkl: data/interim/data_for_train.pkl
          test_pkl: data/interim/test.pkl
        preprocess_category:
          TARGET_COLS:
          - Артериальная гипертензия
          - ОНМК
          - Стенокардия, ИБС, инфаркт миокарда
          - Сердечная недостаточность
          - Прочие заболевания сердца
          ID_COL: ID
          EDU_COL: Образование
          SEX_COL: Пол
          CAT_COLS:
          - Пол
          - Семья
          - Этнос
          - Национальность
          - Религия
          - Образование
          - Профессия
          - Статус Курения
          - Частота пасс кур
          - Алкоголь
          - Время засыпания
          - Время пробуждения
          OHE_COLS:
          - Пол
          - Вы работаете?
          - Выход на пенсию
          - Прекращение работы по болезни
          - Сахарный диабет
          - Гепатит
          - Онкология
          - Хроническое заболевание легких
          - Бронжиальная астма
          - 'Туберкулез легких '
          - ВИЧ/СПИД
          - Регулярный прим лекарственных средств
          - Травмы за год
          - Переломы
          - Пассивное курение
          - Сон после обеда
          - Спорт, клубы
          - Религия, клубы
          REAL_COLS:
          - Возраст курения
          - Сигарет в день
          - Возраст алког
        processed_paths:
          target_data_train_pkl: data/processed/target_for_data_for_train.pkl
          processed_test_pkl: data/processed/test.pkl
          processed_data_for_train_pkl: data/processed/data_for_train.pkl
    outs:
    - path: data/interim/data_for_train.pkl
      md5: c23161227647f65da1979b74e7c4e0c9
      size: 52256
    - path: data/interim/test.pkl
      md5: 77e53843e5690f8bd7b30b521f8a0574
      size: 37012
    - path: data/processed/target_for_data_for_train.pkl
      md5: bed81f076218178c4408936f2f8fa788
      size: 21106
  feature_generation:
    cmd: python -m src.features.build_features
    deps:
    - path: data/interim/data_for_train.pkl
      md5: c23161227647f65da1979b74e7c4e0c9
      size: 52256
    - path: data/interim/test.pkl
      md5: 77e53843e5690f8bd7b30b521f8a0574
      size: 37012
    - path: src/config.py
      md5: 3e4a7be725268dffcddc10290c19e4b1
      size: 2342
    - path: src/features/build_features.py
      md5: 67796ee742ff4e696533b2b56de2fa8c
      size: 404
    - path: src/features/functions.py
      md5: 351049ef04636f62f4ef08ae08f6ff96
      size: 2320
    - path: src/utils.py
      md5: a63e9fc88f67423ded9b88dcd49a34f6
      size: 387
    params:
      params.yaml:
        interim_paths:
          data_for_train_pkl: data/interim/data_for_train.pkl
          test_pkl: data/interim/test.pkl
        preprocess_category:
          TARGET_COLS:
          - Артериальная гипертензия
          - ОНМК
          - Стенокардия, ИБС, инфаркт миокарда
          - Сердечная недостаточность
          - Прочие заболевания сердца
          ID_COL: ID
          EDU_COL: Образование
          SEX_COL: Пол
          CAT_COLS:
          - Пол
          - Семья
          - Этнос
          - Национальность
          - Религия
          - Образование
          - Профессия
          - Статус Курения
          - Частота пасс кур
          - Алкоголь
          - Время засыпания
          - Время пробуждения
          OHE_COLS:
          - Пол
          - Вы работаете?
          - Выход на пенсию
          - Прекращение работы по болезни
          - Сахарный диабет
          - Гепатит
          - Онкология
          - Хроническое заболевание легких
          - Бронжиальная астма
          - 'Туберкулез легких '
          - ВИЧ/СПИД
          - Регулярный прим лекарственных средств
          - Травмы за год
          - Переломы
          - Пассивное курение
          - Сон после обеда
          - Спорт, клубы
          - Религия, клубы
          REAL_COLS:
          - Возраст курения
          - Сигарет в день
          - Возраст алког
        processed_paths:
          target_data_train_pkl: data/processed/target_for_data_for_train.pkl
          processed_test_pkl: data/processed/test.pkl
          processed_data_for_train_pkl: data/processed/data_for_train.pkl
    outs:
    - path: data/processed/data_for_train.pkl
      md5: 93ca7bd4408b0218310485335e50cbae
      size: 51584
    - path: data/processed/test.pkl
      md5: e5c0e58481efe3b0e4cfd9fa5934b074
      size: 36306
  train:
    cmd: python -m src.models.train_model
    deps:
    - path: data/processed/data_for_train.pkl
      md5: 93ca7bd4408b0218310485335e50cbae
      size: 51584
    - path: data/processed/test.pkl
      md5: e5c0e58481efe3b0e4cfd9fa5934b074
      size: 36306
    - path: src/config.py
      md5: 3e4a7be725268dffcddc10290c19e4b1
      size: 2342
    - path: src/models/functions.py
      md5: 8a4b4f02f391ac7f3fbcee3d992cd5d3
      size: 4778
    - path: src/models/train_model.py
      md5: 14cbed9bad7647f931b51c5554b01cd5
      size: 2186
    params:
      params.yaml:
        processed_paths:
          target_data_train_pkl: data/processed/target_for_data_for_train.pkl
          processed_test_pkl: data/processed/test.pkl
          processed_data_for_train_pkl: data/processed/data_for_train.pkl
        train:
          COL:
          - Пол
          - Семья
          - Этнос
          - Национальность
          - Религия
          - Профессия
          - Вы работаете?
          - Выход на пенсию
          - Прекращение работы по болезни
          - Сахарный диабет
          - Гепатит
          - Онкология
          - Хроническое заболевание легких
          - Бронжиальная астма
          - 'Туберкулез легких '
          - ВИЧ/СПИД
          - Регулярный прим лекарственных средств
          - Травмы за год
          - Переломы
          - Статус Курения
          - Пассивное курение
          - Частота пасс кур
          - Алкоголь
          - Сова/Жаворонок/Голубь
          - Часов сна
          - Сон после обеда
          - Спорт, клубы
          - Религия, клубы
          - Образование_ord
          - Возраст курения
          - Сигарет в день
          - Возраст алког
          CATEGORIES_COL_AFTER_PREP:
          - Пол
          - Семья
          - Этнос
          - Национальность
          - Религия
          - Профессия
          - Статус Курения
          - Частота пасс кур
          - Алкоголь
          - Сова/Жаворонок/Голубь
          test_size: 0.2
          iterations: 999
          loss_function: MultiLogloss
          eval_metric: MultiLogloss
          learning_rate: 0.01
          bootstrap_type: Bayesian
          boost_from_average: false
          ctr_leaf_count_limit: 3
          leaf_estimation_iterations: 1
          leaf_estimation_method: Gradient
          model_catboost_path: models/model_catboost.joblib
          model_lgbm_path: models/model_lgbm.joblib
          X_test_path: data/processed/X_test_data.pkl
          Y_test_path: data/processed/Y_test_data.pkl
    outs:
    - path: catboost_info/learn_error.tsv
      md5: c4a4d90513410e1e62519c0c8b5d9a40
      size: 16787
    - path: data/processed/X_test_data.pkl
      md5: 40b3da50f9fdb79e93432392a1d68d9c
      size: 12926
    - path: data/processed/Y_test_data.pkl
      md5: 534fb47f62bc276d2c7aa51e5718f7a0
      size: 1877
    - path: models/model_catboost.joblib
      md5: 35c73cf69931000b51124c86bfadab25
      size: 4862762
    - path: models/model_lgbm.joblib
      md5: 02048b51e212ca5c00b09e773eeb26ea
      size: 6108460
  evaluate:
    cmd: python -m src.models.predict_model
    deps:
    - path: data/processed/X_test_data.pkl
      md5: 40b3da50f9fdb79e93432392a1d68d9c
      size: 12926
    - path: data/processed/Y_test_data.pkl
      md5: 534fb47f62bc276d2c7aa51e5718f7a0
      size: 1877
    - path: models/model_catboost.joblib
      md5: 35c73cf69931000b51124c86bfadab25
      size: 4862762
    - path: models/model_lgbm.joblib
      md5: 02048b51e212ca5c00b09e773eeb26ea
      size: 6108460
    - path: src/config.py
      md5: 3e4a7be725268dffcddc10290c19e4b1
      size: 2342
    - path: src/models/functions.py
      md5: 8a4b4f02f391ac7f3fbcee3d992cd5d3
      size: 4778
    - path: src/models/predict_model.py
      md5: 42d0d6197eaff9111af5324b64e7b897
      size: 880
    - path: src/models/train_model.py
      md5: 14cbed9bad7647f931b51c5554b01cd5
      size: 2186
    params:
      params.yaml:
        evaluate:
          score_metric: f1
          score_path_catboost: reports/metrics_catboost.json
          score_path_lightgbm: reports/metrics_lightgbm.json
          score_path_rocauc_samples_catboost: reports/metrics_rocauc_catboost.csv
          score_path_rocauc_samples_lgbm: reports/metrics_rocauc_lgbm.csv
        train:
          COL:
          - Пол
          - Семья
          - Этнос
          - Национальность
          - Религия
          - Профессия
          - Вы работаете?
          - Выход на пенсию
          - Прекращение работы по болезни
          - Сахарный диабет
          - Гепатит
          - Онкология
          - Хроническое заболевание легких
          - Бронжиальная астма
          - 'Туберкулез легких '
          - ВИЧ/СПИД
          - Регулярный прим лекарственных средств
          - Травмы за год
          - Переломы
          - Статус Курения
          - Пассивное курение
          - Частота пасс кур
          - Алкоголь
          - Сова/Жаворонок/Голубь
          - Часов сна
          - Сон после обеда
          - Спорт, клубы
          - Религия, клубы
          - Образование_ord
          - Возраст курения
          - Сигарет в день
          - Возраст алког
          CATEGORIES_COL_AFTER_PREP:
          - Пол
          - Семья
          - Этнос
          - Национальность
          - Религия
          - Профессия
          - Статус Курения
          - Частота пасс кур
          - Алкоголь
          - Сова/Жаворонок/Голубь
          test_size: 0.2
          iterations: 999
          loss_function: MultiLogloss
          eval_metric: MultiLogloss
          learning_rate: 0.01
          bootstrap_type: Bayesian
          boost_from_average: false
          ctr_leaf_count_limit: 3
          leaf_estimation_iterations: 1
          leaf_estimation_method: Gradient
          model_catboost_path: models/model_catboost.joblib
          model_lgbm_path: models/model_lgbm.joblib
          X_test_path: data/processed/X_test_data.pkl
          Y_test_path: data/processed/Y_test_data.pkl
    outs:
    - path: reports/metrics_catboost.json
      md5: 2821377af71c96f9999b5068defb7c29
      size: 113
    - path: reports/metrics_lightgbm.json
      md5: a0ab6cf7d704c2523a4a176f72eed9e4
      size: 114
    - path: reports/metrics_rocauc_catboost.csv
      md5: 8c4da9a96348155914edcab6d3217161
      size: 118
    - path: reports/metrics_rocauc_lgbm.csv
      md5: 90e68a6054d9057543f9ee63e475573b
      size: 120
  inference:
    cmd: python -m src.inference.inference DATA_FILEPATH=data/raw/test.csv
    deps:
    - path: data/raw/test.csv
      md5: a34d239835317e59b1b9f2fec27fa427
      size: 249580
    - path: models/model_catboost.joblib
      md5: 35c73cf69931000b51124c86bfadab25
      size: 4862762
    - path: models/model_lgbm.joblib
      md5: 02048b51e212ca5c00b09e773eeb26ea
      size: 6108460
    - path: src/config.py
      md5: 3e4a7be725268dffcddc10290c19e4b1
      size: 2342
    - path: src/inference/inference.py
      md5: 5de4feda8eb23e2cec1052b592c46677
      size: 2287
    params:
      params.yaml:
        train:
          COL:
          - Пол
          - Семья
          - Этнос
          - Национальность
          - Религия
          - Профессия
          - Вы работаете?
          - Выход на пенсию
          - Прекращение работы по болезни
          - Сахарный диабет
          - Гепатит
          - Онкология
          - Хроническое заболевание легких
          - Бронжиальная астма
          - 'Туберкулез легких '
          - ВИЧ/СПИД
          - Регулярный прим лекарственных средств
          - Травмы за год
          - Переломы
          - Статус Курения
          - Пассивное курение
          - Частота пасс кур
          - Алкоголь
          - Сова/Жаворонок/Голубь
          - Часов сна
          - Сон после обеда
          - Спорт, клубы
          - Религия, клубы
          - Образование_ord
          - Возраст курения
          - Сигарет в день
          - Возраст алког
          CATEGORIES_COL_AFTER_PREP:
          - Пол
          - Семья
          - Этнос
          - Национальность
          - Религия
          - Профессия
          - Статус Курения
          - Частота пасс кур
          - Алкоголь
          - Сова/Жаворонок/Голубь
          test_size: 0.2
          iterations: 999
          loss_function: MultiLogloss
          eval_metric: MultiLogloss
          learning_rate: 0.01
          bootstrap_type: Bayesian
          boost_from_average: false
          ctr_leaf_count_limit: 3
          leaf_estimation_iterations: 1
          leaf_estimation_method: Gradient
          model_catboost_path: models/model_catboost.joblib
          model_lgbm_path: models/model_lgbm.joblib
          X_test_path: data/processed/X_test_data.pkl
          Y_test_path: data/processed/Y_test_data.pkl
